{
  "name": "wet-boew-jekyll",
  "version": "4.0.28",
  "lockfileVersion": 1,
  "requires": true,
  "dependencies": {
    "bootstrap-sass": {
      "version": "3.3.7",
      "resolved": "https://registry.npmjs.org/bootstrap-sass/-/bootstrap-sass-3.3.7.tgz",
      "integrity": "sha1-ZZbHq0D2Y3OTMjqwvIDQZPxjBJg="
    },
    "code-prettify": {
      "version": "0.1.0",
      "resolved": "https://registry.npmjs.org/code-prettify/-/code-prettify-0.1.0.tgz",
      "integrity": "sha1-RocMyMGlDQm61TmzOpg9vUqjSx4="
    },
    "datatables": {
      "version": "1.10.13",
      "resolved": "https://registry.npmjs.org/datatables/-/datatables-1.10.13.tgz",
      "integrity": "sha1-m7Lexvfc8CBJoA5PDn0/4AnDk0Y=",
      "requires": {
        "jquery": "2.2.4"
      }
    },
    "es5-shim": {
      "version": "2.3.0",
      "resolved": "https://registry.npmjs.org/es5-shim/-/es5-shim-2.3.0.tgz",
      "integrity": "sha1-kCG8UK1Nmj5TkwjuvTRDcgNVUAM="
    },
    "html5shiv": {
      "version": "3.7.3",
      "resolved": "https://registry.npmjs.org/html5shiv/-/html5shiv-3.7.3.tgz",
      "integrity": "sha1-14qEo2e8uacQEA1XgCw4ewhGMdI="
    },
    "jquery": {
      "version": "2.2.4",
      "resolved": "https://registry.npmjs.org/jquery/-/jquery-2.2.4.tgz",
      "integrity": "sha1-LInWiJterFIqfuoywUUhVZxsvwI="
    },
    "jquery-validation": {
      "version": "1.17.0",
      "resolved": "https://registry.npmjs.org/jquery-validation/-/jquery-validation-1.17.0.tgz",
      "integrity": "sha512-XddiAwhGdWhcIJ+W3ri3KG8uTPMua4TPYuUIC8/E7lOyqdScG5xHuy9YishlKc0c/lIQai77EX7hxMdTSYCEjA==",
      "requires": {
        "jquery": "2.2.4"
      }
    },
    "magnific-popup": {
      "version": "git+https://github.com/wet-boew/Magnific-Popup.git#4a2964f4ea087258631323fec6fe4494c7fe0079"
    },
    "mathjax": {
      "version": "2.7.1",
      "resolved": "https://registry.npmjs.org/mathjax/-/mathjax-2.7.1.tgz",
      "integrity": "sha1-yC0vhTsvWPc44zVTKa3wstj4+s4="
    },
    "mgrs": {
      "version": "0.0.0",
      "resolved": "https://registry.npmjs.org/mgrs/-/mgrs-0.0.0.tgz",
      "integrity": "sha1-qqK0gpMXv4ERipYNMlbgbdlnS40="
    },
    "proj4": {
      "version": "2.3.3",
      "resolved": "https://registry.npmjs.org/proj4/-/proj4-2.3.3.tgz",
      "integrity": "sha1-SWp2hXivQ55Gd6CFpjmh8ZjLvc0=",
      "requires": {
        "mgrs": "0.0.0"
      }
    },
    "unorm": {
      "version": "1.4.1",
      "resolved": "https://registry.npmjs.org/unorm/-/unorm-1.4.1.tgz",
      "integrity": "sha1-NkIA1fE2RsqLzURJAnEzVhR5IwA="
    },
    "wet-boew": {
      "version": "github:wet-boew/wet-boew#b96b0c8b26dca195120f03edeca9b706a1e44140",
      "requires": {
        "bootstrap-sass": "3.3.7",
        "code-prettify": "0.1.0",
        "datatables": "1.10.13",
        "es5-shim": "2.3.0",
        "html5shiv": "3.7.3",
        "jquery": "2.2.4",
        "jquery-validation": "1.17.0",
        "magnific-popup": "git+https://github.com/wet-boew/Magnific-Popup.git#4a2964f4ea087258631323fec6fe4494c7fe0079",
        "mathjax": "2.7.1",
        "proj4": "2.3.3",
        "unorm": "1.4.1"
      }
    }
  }
}
